{
    "_readme": [
        "This file locks the dependencies of your project to a known state",
        "Read more about it at https://getcomposer.org/doc/01-basic-usage.md#installing-dependencies",
        "This file is @generated automatically"
    ],
    "content-hash": "6b05de743832db26cca596c9e85b2816",
    "packages": [
        {
            "name": "env/dotenv",
            "version": "v2.0.0",
            "source": {
                "type": "git",
                "url": "https://github.com/sabroan/php-dotenv.git",
                "reference": "334b7ca7bb060ae3ef8b459b85a67a99419c061f"
            },
            "dist": {
                "type": "zip",
                "url": "https://api.github.com/repos/sabroan/php-dotenv/zipball/334b7ca7bb060ae3ef8b459b85a67a99419c061f",
                "reference": "334b7ca7bb060ae3ef8b459b85a67a99419c061f",
                "shasum": ""
            },
            "require": {
                "php": "^8"
            },
            "type": "library",
            "autoload": {
                "psr-4": {
                    "Env\\": "./src"
                }
            },
            "notification-url": "https://packagist.org/downloads/",
            "license": [
                "MIT"
            ],
            "description": "A simple, tiny and lightweight PHP .env loader",
            "keywords": [
                "dotenv",
                "env",
                "environment"
            ],
            "support": {
                "source": "https://github.com/sabroan/php-dotenv/tree/v2.0.0"
            },
            "time": "2023-08-21T09:43:55+00:00"
        }
    ],
    "packages-dev": [],
    "aliases": [],
    "minimum-stability": "stable",
    "stability-flags": [],
    "prefer-stable": false,
    "prefer-lowest": false,
    "platform": [],
    "platform-dev": [],
    "plugin-api-version": "2.6.0"
}
